{
  "version": 4,
  "terraform_version": "1.7.0",
  "serial": 73,
  "lineage": "512226a2-8b8b-58f6-c379-4d99b55c223d",
  "outputs": {
    "data": {
      "value": {
        "id": "2690255455",
        "json": "{\n  \"Version\": \"2012-10-17\",\n  \"Statement\": [\n    {\n      \"Effect\": \"Allow\",\n      \"Action\": \"sts:AssumeRole\",\n      \"Principal\": {\n        \"Service\": \"lambda.amazonaws.com\"\n      }\n    }\n  ]\n}",
        "override_json": null,
        "override_policy_documents": null,
        "policy_id": null,
        "source_json": null,
        "source_policy_documents": null,
        "statement": [
          {
            "actions": [
              "sts:AssumeRole"
            ],
            "condition": [],
            "effect": "Allow",
            "not_actions": [],
            "not_principals": [],
            "not_resources": [],
            "principals": [
              {
                "identifiers": [
                  "lambda.amazonaws.com"
                ],
                "type": "Service"
              }
            ],
            "resources": [],
            "sid": ""
          }
        ],
        "version": "2012-10-17"
      },
      "type": [
        "object",
        {
          "id": "string",
          "json": "string",
          "override_json": "string",
          "override_policy_documents": [
            "list",
            "string"
          ],
          "policy_id": "string",
          "source_json": "string",
          "source_policy_documents": [
            "list",
            "string"
          ],
          "statement": [
            "list",
            [
              "object",
              {
                "actions": [
                  "set",
                  "string"
                ],
                "condition": [
                  "set",
                  [
                    "object",
                    {
                      "test": "string",
                      "values": [
                        "list",
                        "string"
                      ],
                      "variable": "string"
                    }
                  ]
                ],
                "effect": "string",
                "not_actions": [
                  "set",
                  "string"
                ],
                "not_principals": [
                  "set",
                  [
                    "object",
                    {
                      "identifiers": [
                        "set",
                        "string"
                      ],
                      "type": "string"
                    }
                  ]
                ],
                "not_resources": [
                  "set",
                  "string"
                ],
                "principals": [
                  "set",
                  [
                    "object",
                    {
                      "identifiers": [
                        "set",
                        "string"
                      ],
                      "type": "string"
                    }
                  ]
                ],
                "resources": [
                  "set",
                  "string"
                ],
                "sid": "string"
              }
            ]
          ],
          "version": "string"
        }
      ]
    }
  },
  "resources": [
    {
      "module": "module.dynamodb",
      "mode": "managed",
      "type": "aws_dynamodb_table",
      "name": "dynamodb-table",
      "provider": "provider[\"registry.terraform.io/hashicorp/aws\"]",
      "instances": [
        {
          "schema_version": 1,
          "attributes": {
            "arn": "arn:aws:dynamodb:ap-south-1:211125665198:table/lamda_s3_info_logging_table",
            "attribute": [
              {
                "name": "id",
                "type": "S"
              }
            ],
            "billing_mode": "PROVISIONED",
            "deletion_protection_enabled": false,
            "global_secondary_index": [],
            "hash_key": "id",
            "id": "lamda_s3_info_logging_table",
            "import_table": [],
            "local_secondary_index": [],
            "name": "lamda_s3_info_logging_table",
            "point_in_time_recovery": [
              {
                "enabled": false
              }
            ],
            "range_key": null,
            "read_capacity": 20,
            "replica": [],
            "restore_date_time": null,
            "restore_source_name": null,
            "restore_to_latest_time": null,
            "server_side_encryption": [],
            "stream_arn": "",
            "stream_enabled": false,
            "stream_label": "",
            "stream_view_type": "",
            "table_class": "STANDARD",
            "tags": {
              "Environment": "production",
              "Name": "lamda_s3_info_logging_table"
            },
            "tags_all": {
              "Environment": "production",
              "Name": "lamda_s3_info_logging_table"
            },
            "timeouts": null,
            "ttl": [
              {
                "attribute_name": "",
                "enabled": false
              }
            ],
            "write_capacity": 20
          },
          "sensitive_attributes": [],
          "private": "eyJlMmJmYjczMC1lY2FhLTExZTYtOGY4OC0zNDM2M2JjN2M0YzAiOnsiY3JlYXRlIjoxODAwMDAwMDAwMDAwLCJkZWxldGUiOjYwMDAwMDAwMDAwMCwidXBkYXRlIjozNjAwMDAwMDAwMDAwfSwic2NoZW1hX3ZlcnNpb24iOiIxIn0="
        }
      ]
    },
    {
      "module": "module.dynamodb",
      "mode": "managed",
      "type": "aws_iam_role_policy",
      "name": "lambda-dynamodb-access",
      "provider": "provider[\"registry.terraform.io/hashicorp/aws\"]",
      "instances": [
        {
          "schema_version": 0,
          "attributes": {
            "id": "role_for_lambda:lambda-dynamodb-access",
            "name": "lambda-dynamodb-access",
            "name_prefix": "",
            "policy": "{\"Version\":\"2012-10-17\",\"Statement\":[{\"Action\":[\"dynamodb:BatchGetItem\",\"dynamodb:GetItem\",\"dynamodb:Query\",\"dynamodb:Scan\",\"dynamodb:BatchWriteItem\",\"dynamodb:PutItem\",\"dynamodb:DeleteItem\"],\"Effect\":\"Allow\",\"Resource\":\"arn:aws:dynamodb:ap-south-1:211125665198:table/lamda_s3_info_logging_table\"}]}",
            "role": "role_for_lambda"
          },
          "sensitive_attributes": [],
          "private": "bnVsbA==",
          "dependencies": [
            "module.dynamodb.aws_dynamodb_table.dynamodb-table",
            "module.lambda.aws_iam_role.iam_for_lambda",
            "module.lambda.data.aws_iam_policy_document.assume_role"
          ]
        }
      ]
    },
    {
      "module": "module.lambda",
      "mode": "data",
      "type": "archive_file",
      "name": "zipped_code",
      "provider": "provider[\"registry.terraform.io/hashicorp/archive\"]",
      "instances": [
        {
          "schema_version": 0,
          "attributes": {
            "exclude_symlink_directories": null,
            "excludes": null,
            "id": "fe31468b03965c06104c1c7f73411b66c70a099c",
            "output_base64sha256": "KQW+G2/5OfO5dl8d4u4ihGn1UlLZTBaVmlt1ogSlhvQ=",
            "output_base64sha512": "+8WGccwU5gldEO4dZB9S+AwiAJjwveD/hZ3oKOab+m9PF4DTmExhysHMdU1buNdq2pc6dvYtGrChUbVl0YcS8Q==",
            "output_file_mode": null,
            "output_md5": "5d7d347a59da6d44b41d6fc93ad07b4c",
            "output_path": "lambdamodule/../lambdacode/lambda_function_payload.zip",
            "output_sha": "fe31468b03965c06104c1c7f73411b66c70a099c",
            "output_sha256": "2905be1b6ff939f3b9765f1de2ee228469f55252d94c16959a5b75a204a586f4",
            "output_sha512": "fbc58671cc14e6095d10ee1d641f52f80c220098f0bde0ff859de828e69bfa6f4f1780d3984c61cac1cc754d5bb8d76ada973a76f62d1ab0a151b565d18712f1",
            "output_size": 737,
            "source": [],
            "source_content": null,
            "source_content_filename": null,
            "source_dir": null,
            "source_file": "lambdamodule/../lambdacode/lambda_function.py",
            "type": "zip"
          },
          "sensitive_attributes": []
        }
      ]
    },
    {
      "module": "module.lambda",
      "mode": "data",
      "type": "aws_iam_policy_document",
      "name": "assume_role",
      "provider": "provider[\"registry.terraform.io/hashicorp/aws\"]",
      "instances": [
        {
          "schema_version": 0,
          "attributes": {
            "id": "2690255455",
            "json": "{\n  \"Version\": \"2012-10-17\",\n  \"Statement\": [\n    {\n      \"Effect\": \"Allow\",\n      \"Action\": \"sts:AssumeRole\",\n      \"Principal\": {\n        \"Service\": \"lambda.amazonaws.com\"\n      }\n    }\n  ]\n}",
            "override_json": null,
            "override_policy_documents": null,
            "policy_id": null,
            "source_json": null,
            "source_policy_documents": null,
            "statement": [
              {
                "actions": [
                  "sts:AssumeRole"
                ],
                "condition": [],
                "effect": "Allow",
                "not_actions": [],
                "not_principals": [],
                "not_resources": [],
                "principals": [
                  {
                    "identifiers": [
                      "lambda.amazonaws.com"
                    ],
                    "type": "Service"
                  }
                ],
                "resources": [],
                "sid": ""
              }
            ],
            "version": "2012-10-17"
          },
          "sensitive_attributes": []
        }
      ]
    },
    {
      "module": "module.lambda",
      "mode": "managed",
      "type": "aws_cloudwatch_log_group",
      "name": "lambda_log_group",
      "provider": "provider[\"registry.terraform.io/hashicorp/aws\"]",
      "instances": [
        {
          "schema_version": 0,
          "attributes": {
            "arn": "arn:aws:logs:ap-south-1:211125665198:log-group:/aws/lambda/tf-lambda",
            "id": "/aws/lambda/tf-lambda",
            "kms_key_id": "",
            "log_group_class": "STANDARD",
            "name": "/aws/lambda/tf-lambda",
            "name_prefix": "",
            "retention_in_days": 7,
            "skip_destroy": false,
            "tags": {},
            "tags_all": {}
          },
          "sensitive_attributes": [],
          "private": "bnVsbA=="
        }
      ]
    },
    {
      "module": "module.lambda",
      "mode": "managed",
      "type": "aws_iam_policy",
      "name": "cloudwatch_log_policy",
      "provider": "provider[\"registry.terraform.io/hashicorp/aws\"]",
      "instances": [
        {
          "schema_version": 0,
          "attributes": {
            "arn": "arn:aws:iam::211125665198:policy/function-logging-policy",
            "description": "",
            "id": "arn:aws:iam::211125665198:policy/function-logging-policy",
            "name": "function-logging-policy",
            "name_prefix": "",
            "path": "/",
            "policy": "{\"Statement\":[{\"Action\":[\"logs:CreateLogStream\",\"logs:PutLogEvents\"],\"Effect\":\"Allow\",\"Resource\":\"arn:aws:logs:*:*:*\"}],\"Version\":\"2012-10-17\"}",
            "policy_id": "ANPATCKAR7WXF4OZH5QPS",
            "tags": {},
            "tags_all": {}
          },
          "sensitive_attributes": [],
          "private": "bnVsbA=="
        }
      ]
    },
    {
      "module": "module.lambda",
      "mode": "managed",
      "type": "aws_iam_role",
      "name": "iam_for_lambda",
      "provider": "provider[\"registry.terraform.io/hashicorp/aws\"]",
      "instances": [
        {
          "schema_version": 0,
          "attributes": {
            "arn": "arn:aws:iam::211125665198:role/role_for_lambda",
            "assume_role_policy": "{\"Statement\":[{\"Action\":\"sts:AssumeRole\",\"Effect\":\"Allow\",\"Principal\":{\"Service\":\"lambda.amazonaws.com\"}}],\"Version\":\"2012-10-17\"}",
            "create_date": "2024-03-21T06:17:57Z",
            "description": "",
            "force_detach_policies": false,
            "id": "role_for_lambda",
            "inline_policy": [
              {
                "name": "lambda-dynamodb-access",
                "policy": "{\"Version\":\"2012-10-17\",\"Statement\":[{\"Action\":[\"dynamodb:BatchGetItem\",\"dynamodb:GetItem\",\"dynamodb:Query\",\"dynamodb:Scan\",\"dynamodb:BatchWriteItem\",\"dynamodb:PutItem\",\"dynamodb:DeleteItem\",\"dynamodb:UpdateItem\"],\"Effect\":\"Allow\",\"Resource\":\"arn:aws:dynamodb:ap-south-1:211125665198:table/lamda_s3_info_logging_table\"}]}"
              }
            ],
            "managed_policy_arns": [
              "arn:aws:iam::211125665198:policy/function-logging-policy"
            ],
            "max_session_duration": 3600,
            "name": "role_for_lambda",
            "name_prefix": "",
            "path": "/",
            "permissions_boundary": "",
            "tags": {},
            "tags_all": {},
            "unique_id": "AROATCKAR7WXC346SYV3T"
          },
          "sensitive_attributes": [],
          "private": "bnVsbA==",
          "dependencies": [
            "module.lambda.data.aws_iam_policy_document.assume_role"
          ]
        }
      ]
    },
    {
      "module": "module.lambda",
      "mode": "managed",
      "type": "aws_iam_role_policy_attachment",
      "name": "cloudwatch_log_policy",
      "provider": "provider[\"registry.terraform.io/hashicorp/aws\"]",
      "instances": [
        {
          "schema_version": 0,
          "attributes": {
            "id": "role_for_lambda-20240321061808214500000001",
            "policy_arn": "arn:aws:iam::211125665198:policy/function-logging-policy",
            "role": "role_for_lambda"
          },
          "sensitive_attributes": [],
          "private": "bnVsbA==",
          "dependencies": [
            "module.lambda.aws_iam_policy.cloudwatch_log_policy",
            "module.lambda.aws_iam_role.iam_for_lambda",
            "module.lambda.data.aws_iam_policy_document.assume_role"
          ]
        }
      ]
    },
    {
      "module": "module.lambda",
      "mode": "managed",
      "type": "aws_lambda_function",
      "name": "lambda_aws",
      "provider": "provider[\"registry.terraform.io/hashicorp/aws\"]",
      "instances": [
        {
          "schema_version": 0,
          "attributes": {
            "architectures": [
              "x86_64"
            ],
            "arn": "arn:aws:lambda:ap-south-1:211125665198:function:tf-lambda",
            "code_signing_config_arn": "",
            "dead_letter_config": [],
            "description": "",
            "environment": [],
            "ephemeral_storage": [
              {
                "size": 512
              }
            ],
            "file_system_config": [],
            "filename": "lambdamodule/../lambdacode/lambda_function_payload.zip",
            "function_name": "tf-lambda",
            "handler": "lambda_function.lambda_handler",
            "id": "tf-lambda",
            "image_config": [],
            "image_uri": "",
            "invoke_arn": "arn:aws:apigateway:ap-south-1:lambda:path/2015-03-31/functions/arn:aws:lambda:ap-south-1:211125665198:function:tf-lambda/invocations",
            "kms_key_arn": "",
            "last_modified": "2024-03-21T06:40:35.000+0000",
            "layers": [],
            "logging_config": [
              {
                "application_log_level": "",
                "log_format": "Text",
                "log_group": "/aws/lambda/tf-lambda",
                "system_log_level": ""
              }
            ],
            "memory_size": 128,
            "package_type": "Zip",
            "publish": false,
            "qualified_arn": "arn:aws:lambda:ap-south-1:211125665198:function:tf-lambda:$LATEST",
            "qualified_invoke_arn": "arn:aws:apigateway:ap-south-1:lambda:path/2015-03-31/functions/arn:aws:lambda:ap-south-1:211125665198:function:tf-lambda:$LATEST/invocations",
            "replace_security_groups_on_destroy": null,
            "replacement_security_group_ids": null,
            "reserved_concurrent_executions": -1,
            "role": "arn:aws:iam::211125665198:role/role_for_lambda",
            "runtime": "python3.12",
            "s3_bucket": null,
            "s3_key": null,
            "s3_object_version": null,
            "signing_job_arn": "",
            "signing_profile_version_arn": "",
            "skip_destroy": false,
            "snap_start": [],
            "source_code_hash": "KQW+G2/5OfO5dl8d4u4ihGn1UlLZTBaVmlt1ogSlhvQ=",
            "source_code_size": 737,
            "tags": {},
            "tags_all": {},
            "timeout": 3,
            "timeouts": null,
            "tracing_config": [
              {
                "mode": "PassThrough"
              }
            ],
            "version": "$LATEST",
            "vpc_config": []
          },
          "sensitive_attributes": [],
          "private": "eyJlMmJmYjczMC1lY2FhLTExZTYtOGY4OC0zNDM2M2JjN2M0YzAiOnsiY3JlYXRlIjo2MDAwMDAwMDAwMDAsImRlbGV0ZSI6NjAwMDAwMDAwMDAwLCJ1cGRhdGUiOjYwMDAwMDAwMDAwMH19",
          "dependencies": [
            "module.lambda.aws_cloudwatch_log_group.lambda_log_group",
            "module.lambda.aws_iam_role.iam_for_lambda",
            "module.lambda.data.archive_file.zipped_code",
            "module.lambda.data.aws_iam_policy_document.assume_role"
          ]
        }
      ]
    },
    {
      "module": "module.lambda",
      "mode": "managed",
      "type": "aws_lambda_permission",
      "name": "test",
      "provider": "provider[\"registry.terraform.io/hashicorp/aws\"]",
      "instances": [
        {
          "schema_version": 0,
          "attributes": {
            "action": "lambda:InvokeFunction",
            "event_source_token": null,
            "function_name": "tf-lambda",
            "function_url_auth_type": null,
            "id": "AllowS3Invoke",
            "principal": "s3.amazonaws.com",
            "principal_org_id": null,
            "qualifier": "",
            "source_account": null,
            "source_arn": "arn:aws:s3:::group4-lamba-s3-bucket",
            "statement_id": "AllowS3Invoke",
            "statement_id_prefix": ""
          },
          "sensitive_attributes": [],
          "private": "bnVsbA==",
          "dependencies": [
            "module.lambda.aws_cloudwatch_log_group.lambda_log_group",
            "module.lambda.aws_iam_role.iam_for_lambda",
            "module.lambda.aws_lambda_function.lambda_aws",
            "module.lambda.data.archive_file.zipped_code",
            "module.lambda.data.aws_iam_policy_document.assume_role",
            "module.s3.aws_s3_bucket.s3_for_trigger"
          ]
        }
      ]
    },
    {
      "module": "module.lambda",
      "mode": "managed",
      "type": "aws_s3_bucket_notification",
      "name": "aws-lambda-trigger",
      "provider": "provider[\"registry.terraform.io/hashicorp/aws\"]",
      "instances": [
        {
          "schema_version": 0,
          "attributes": {
            "bucket": "group4-lamba-s3-bucket",
            "eventbridge": false,
            "id": "group4-lamba-s3-bucket",
            "lambda_function": [
              {
                "events": [
                  "s3:ObjectCreated:*",
                  "s3:ObjectRemoved:*"
                ],
                "filter_prefix": "",
                "filter_suffix": "",
                "id": "tf-s3-lambda-20240321061821791300000002",
                "lambda_function_arn": "arn:aws:lambda:ap-south-1:211125665198:function:tf-lambda"
              }
            ],
            "queue": [],
            "topic": []
          },
          "sensitive_attributes": [],
          "private": "bnVsbA==",
          "dependencies": [
            "module.lambda.aws_cloudwatch_log_group.lambda_log_group",
            "module.lambda.aws_iam_role.iam_for_lambda",
            "module.lambda.aws_lambda_function.lambda_aws",
            "module.lambda.data.archive_file.zipped_code",
            "module.lambda.data.aws_iam_policy_document.assume_role",
            "module.s3.aws_s3_bucket.s3_for_trigger"
          ]
        }
      ]
    },
    {
      "module": "module.s3",
      "mode": "managed",
      "type": "aws_s3_bucket",
      "name": "s3_for_trigger",
      "provider": "provider[\"registry.terraform.io/hashicorp/aws\"]",
      "instances": [
        {
          "schema_version": 0,
          "attributes": {
            "acceleration_status": "",
            "acl": null,
            "arn": "arn:aws:s3:::group4-lamba-s3-bucket",
            "bucket": "group4-lamba-s3-bucket",
            "bucket_domain_name": "group4-lamba-s3-bucket.s3.amazonaws.com",
            "bucket_prefix": "",
            "bucket_regional_domain_name": "group4-lamba-s3-bucket.s3.ap-south-1.amazonaws.com",
            "cors_rule": [],
            "force_destroy": false,
            "grant": [
              {
                "id": "66cb55566693170621597ec8392309ad04138910391848bd2d0ae35a3050d348",
                "permissions": [
                  "FULL_CONTROL"
                ],
                "type": "CanonicalUser",
                "uri": ""
              }
            ],
            "hosted_zone_id": "Z11RGJOFQNVJUP",
            "id": "group4-lamba-s3-bucket",
            "lifecycle_rule": [],
            "logging": [],
            "object_lock_configuration": [],
            "object_lock_enabled": false,
            "policy": "",
            "region": "ap-south-1",
            "replication_configuration": [],
            "request_payer": "BucketOwner",
            "server_side_encryption_configuration": [
              {
                "rule": [
                  {
                    "apply_server_side_encryption_by_default": [
                      {
                        "kms_master_key_id": "",
                        "sse_algorithm": "AES256"
                      }
                    ],
                    "bucket_key_enabled": false
                  }
                ]
              }
            ],
            "tags": {
              "Environment": "dev",
              "Name": "s3-for-github-trigger"
            },
            "tags_all": {
              "Environment": "dev",
              "Name": "s3-for-github-trigger"
            },
            "timeouts": null,
            "versioning": [
              {
                "enabled": false,
                "mfa_delete": false
              }
            ],
            "website": [],
            "website_domain": null,
            "website_endpoint": null
          },
          "sensitive_attributes": [],
          "private": "eyJlMmJmYjczMC1lY2FhLTExZTYtOGY4OC0zNDM2M2JjN2M0YzAiOnsiY3JlYXRlIjoxMjAwMDAwMDAwMDAwLCJkZWxldGUiOjM2MDAwMDAwMDAwMDAsInJlYWQiOjEyMDAwMDAwMDAwMDAsInVwZGF0ZSI6MTIwMDAwMDAwMDAwMH19"
        }
      ]
    }
  ],
  "check_results": null
}
